{
  "name": "vite-monorepo",
  "requires": true,
  "lockfileVersion": 1,
  "dependencies": {
    "typescript": {
      "version": "4.8.0-dev.20220603",
      "resolved": "https://registry.npmmirror.com/typescript/-/typescript-4.8.0-dev.20220603.tgz",
      "integrity": "sha512-/BcKYtfSpuzSOPHdthZs78D7f2SCMKQ/rWtyYq5JJqVwHhuAsa0BD/kUlUFqB91u5UU8yz3UiG+mXBC3H806WQ==",
      "dev": true
    }
  }
}
